
Microsoft Visual Studio Solution File, Format Version 12.00
# Visual Studio Version 17
VisualStudioVersion = 17.11.35327.3
MinimumVisualStudioVersion = 10.0.40219.1
Project("{FAE04EC0-301F-11D3-BF4B-00C04F79EFBC}") = "Perpetuum.Server", "Perpetuum.Server\Perpetuum.Server.csproj", "{66B8E640-4993-4122-A702-29E303E469CC}"
EndProject
Project("{FAE04EC0-301F-11D3-BF4B-00C04F79EFBC}") = "Perpetuum.ExportedTypes", "Perpetuum.ExportedTypes\Perpetuum.ExportedTypes.csproj", "{A0C5D067-3D15-42A0-B7B3-DCE56042B4C0}"
EndProject
Project("{FAE04EC0-301F-11D3-BF4B-00C04F79EFBC}") = "Perpetuum", "Perpetuum\Perpetuum.csproj", "{DE3A1500-B953-4A3C-AFED-1C7C67D515AD}"
EndProject
Project("{FAE04EC0-301F-11D3-BF4B-00C04F79EFBC}") = "Perpetuum.RequestHandlers", "Perpetuum.RequestHandlers\Perpetuum.RequestHandlers.csproj", "{4C5F4FA3-F84A-4916-9C5F-FED63438D6BA}"
EndProject
Project("{FAE04EC0-301F-11D3-BF4B-00C04F79EFBC}") = "Perpetuum.Bootstrapper", "Perpetuum.Bootstrapper\Perpetuum.Bootstrapper.csproj", "{CAD96475-4208-4175-B427-C3DA6C057379}"
EndProject
Global
	GlobalSection(SolutionConfigurationPlatforms) = preSolution
		Debug|x64 = Debug|x64
		Release|x64 = Release|x64
	EndGlobalSection
	GlobalSection(ProjectConfigurationPlatforms) = postSolution
		{66B8E640-4993-4122-A702-29E303E469CC}.Debug|x64.ActiveCfg = Debug|x64
		{66B8E640-4993-4122-A702-29E303E469CC}.Debug|x64.Build.0 = Debug|x64
		{66B8E640-4993-4122-A702-29E303E469CC}.Release|x64.ActiveCfg = Release|x64
		{66B8E640-4993-4122-A702-29E303E469CC}.Release|x64.Build.0 = Release|x64
		{A0C5D067-3D15-42A0-B7B3-DCE56042B4C0}.Debug|x64.ActiveCfg = Debug|x64
		{A0C5D067-3D15-42A0-B7B3-DCE56042B4C0}.Debug|x64.Build.0 = Debug|x64
		{A0C5D067-3D15-42A0-B7B3-DCE56042B4C0}.Release|x64.ActiveCfg = Release|x64
		{A0C5D067-3D15-42A0-B7B3-DCE56042B4C0}.Release|x64.Build.0 = Release|x64
		{DE3A1500-B953-4A3C-AFED-1C7C67D515AD}.Debug|x64.ActiveCfg = Debug|x64
		{DE3A1500-B953-4A3C-AFED-1C7C67D515AD}.Debug|x64.Build.0 = Debug|x64
		{DE3A1500-B953-4A3C-AFED-1C7C67D515AD}.Release|x64.ActiveCfg = Release|x64
		{DE3A1500-B953-4A3C-AFED-1C7C67D515AD}.Release|x64.Build.0 = Release|x64
		{4C5F4FA3-F84A-4916-9C5F-FED63438D6BA}.Debug|x64.ActiveCfg = Debug|x64
		{4C5F4FA3-F84A-4916-9C5F-FED63438D6BA}.Debug|x64.Build.0 = Debug|x64
		{4C5F4FA3-F84A-4916-9C5F-FED63438D6BA}.Release|x64.ActiveCfg = Release|x64
		{4C5F4FA3-F84A-4916-9C5F-FED63438D6BA}.Release|x64.Build.0 = Release|x64
		{CAD96475-4208-4175-B427-C3DA6C057379}.Debug|x64.ActiveCfg = Debug|x64
		{CAD96475-4208-4175-B427-C3DA6C057379}.Debug|x64.Build.0 = Debug|x64
		{CAD96475-4208-4175-B427-C3DA6C057379}.Release|x64.ActiveCfg = Release|x64
		{CAD96475-4208-4175-B427-C3DA6C057379}.Release|x64.Build.0 = Release|x64
	EndGlobalSection
	GlobalSection(SolutionProperties) = preSolution
		HideSolutionNode = FALSE
	EndGlobalSection
	GlobalSection(ExtensibilityGlobals) = postSolution
		SolutionGuid = {607C83E5-A503-4076-8FCC-9C010AF2C9D2}
	EndGlobalSection
EndGlobal
